
Microsoft Visual Studio Solution File, Format Version 12.00
# Visual Studio Version 16
VisualStudioVersion = 16.0.30804.86
MinimumVisualStudioVersion = 10.0.40219.1
Project("{9A19103F-16F7-4668-BE54-9A1E7A4F7556}") = "ECommerceConsoleUI", "ECommerceConsoleUI\ECommerceConsoleUI.csproj", "{1E45C168-140D-4AA1-9FD6-15F0A4F8071A}"
EndProject
Project("{FAE04EC0-301F-11D3-BF4B-00C04F79EFBC}") = "ECommerceEntities", "ECommerceEntities\ECommerceEntities.csproj", "{D95BAC93-4A06-4C59-A2A5-3DE47688EB03}"
EndProject
Project("{FAE04EC0-301F-11D3-BF4B-00C04F79EFBC}") = "ECommerceBusiness", "ECommerceBusiness\ECommerceBusiness.csproj", "{8B5CA098-2057-4307-91DB-B3DF2D521AF3}"
EndProject
Global
	GlobalSection(SolutionConfigurationPlatforms) = preSolution
		Debug|Any CPU = Debug|Any CPU
		Release|Any CPU = Release|Any CPU
	EndGlobalSection
	GlobalSection(ProjectConfigurationPlatforms) = postSolution
		{1E45C168-140D-4AA1-9FD6-15F0A4F8071A}.Debug|Any CPU.ActiveCfg = Debug|Any CPU
		{1E45C168-140D-4AA1-9FD6-15F0A4F8071A}.Debug|Any CPU.Build.0 = Debug|Any CPU
		{1E45C168-140D-4AA1-9FD6-15F0A4F8071A}.Release|Any CPU.ActiveCfg = Release|Any CPU
		{1E45C168-140D-4AA1-9FD6-15F0A4F8071A}.Release|Any CPU.Build.0 = Release|Any CPU
		{D95BAC93-4A06-4C59-A2A5-3DE47688EB03}.Debug|Any CPU.ActiveCfg = Debug|Any CPU
		{D95BAC93-4A06-4C59-A2A5-3DE47688EB03}.Debug|Any CPU.Build.0 = Debug|Any CPU
		{D95BAC93-4A06-4C59-A2A5-3DE47688EB03}.Release|Any CPU.ActiveCfg = Release|Any CPU
		{D95BAC93-4A06-4C59-A2A5-3DE47688EB03}.Release|Any CPU.Build.0 = Release|Any CPU
		{8B5CA098-2057-4307-91DB-B3DF2D521AF3}.Debug|Any CPU.ActiveCfg = Debug|Any CPU
		{8B5CA098-2057-4307-91DB-B3DF2D521AF3}.Debug|Any CPU.Build.0 = Debug|Any CPU
		{8B5CA098-2057-4307-91DB-B3DF2D521AF3}.Release|Any CPU.ActiveCfg = Release|Any CPU
		{8B5CA098-2057-4307-91DB-B3DF2D521AF3}.Release|Any CPU.Build.0 = Release|Any CPU
	EndGlobalSection
	GlobalSection(SolutionProperties) = preSolution
		HideSolutionNode = FALSE
	EndGlobalSection
	GlobalSection(ExtensibilityGlobals) = postSolution
		SolutionGuid = {B48EAE57-EF4D-49F1-B6E3-D3E4DC92FAFC}
	EndGlobalSection
EndGlobal
